// !$*UTF8*$!
{
	archiveVersion = 1;
	classes = {
	};
	objectVersion = 48;
	objects = {

/* Begin PBXBuildFile section */
		73E91AC32016318600EB7B7A /* SecondViewControler.swift in Sources */ = {isa = PBXBuildFile; fileRef = 73E91AC22016318600EB7B7A /* SecondViewControler.swift */; };
		73E91AC92016742200EB7B7A /* ThirdViewController.swift in Sources */ = {isa = PBXBuildFile; fileRef = 73E91AC82016742200EB7B7A /* ThirdViewController.swift */; };
		73E91ACB201675BB00EB7B7A /* Course.swift in Sources */ = {isa = PBXBuildFile; fileRef = 73E91ACA201675BB00EB7B7A /* Course.swift */; };
		73E91ACD2016765800EB7B7A /* CourseTableViewCell.swift in Sources */ = {isa = PBXBuildFile; fileRef = 73E91ACC2016765800EB7B7A /* CourseTableViewCell.swift */; };
		B01217C41FE14CC700E8EC16 /* AppDelegate.swift in Sources */ = {isa = PBXBuildFile; fileRef = B01217C31FE14CC700E8EC16 /* AppDelegate.swift */; };
		B01217C61FE14CC700E8EC16 /* ViewController.swift in Sources */ = {isa = PBXBuildFile; fileRef = B01217C51FE14CC700E8EC16 /* ViewController.swift */; };
		B01217C91FE14CC700E8EC16 /* Main.storyboard in Resources */ = {isa = PBXBuildFile; fileRef = B01217C71FE14CC700E8EC16 /* Main.storyboard */; settings = {ASSET_TAGS = (CourseTableViewCell, ); }; };
		B01217CB1FE14CC700E8EC16 /* Assets.xcassets in Resources */ = {isa = PBXBuildFile; fileRef = B01217CA1FE14CC700E8EC16 /* Assets.xcassets */; };
		B01217CE1FE14CC700E8EC16 /* LaunchScreen.storyboard in Resources */ = {isa = PBXBuildFile; fileRef = B01217CC1FE14CC700E8EC16 /* LaunchScreen.storyboard */; };
		B01217D91FE14CC700E8EC16 /* GeoLocTests.swift in Sources */ = {isa = PBXBuildFile; fileRef = B01217D81FE14CC700E8EC16 /* GeoLocTests.swift */; };
		B01217E41FE14CC700E8EC16 /* GeoLocUITests.swift in Sources */ = {isa = PBXBuildFile; fileRef = B01217E31FE14CC700E8EC16 /* GeoLocUITests.swift */; };
		B01217F31FE1505200E8EC16 /* MapKit.framework in Frameworks */ = {isa = PBXBuildFile; fileRef = B01217F21FE1505200E8EC16 /* MapKit.framework */; };
/* End PBXBuildFile section */

/* Begin PBXContainerItemProxy section */
		B01217D51FE14CC700E8EC16 /* PBXContainerItemProxy */ = {
			isa = PBXContainerItemProxy;
			containerPortal = B01217B81FE14CC700E8EC16 /* Project object */;
			proxyType = 1;
			remoteGlobalIDString = B01217BF1FE14CC700E8EC16;
			remoteInfo = GeoLoc;
		};
		B01217E01FE14CC700E8EC16 /* PBXContainerItemProxy */ = {
			isa = PBXContainerItemProxy;
			containerPortal = B01217B81FE14CC700E8EC16 /* Project object */;
			proxyType = 1;
			remoteGlobalIDString = B01217BF1FE14CC700E8EC16;
			remoteInfo = GeoLoc;
		};
/* End PBXContainerItemProxy section */

/* Begin PBXFileReference section */
		73E91AC22016318600EB7B7A /* SecondViewControler.swift */ = {isa = PBXFileReference; lastKnownFileType = sourcecode.swift; path = SecondViewControler.swift; sourceTree = "<group>"; };
		73E91AC82016742200EB7B7A /* ThirdViewController.swift */ = {isa = PBXFileReference; lastKnownFileType = sourcecode.swift; path = ThirdViewController.swift; sourceTree = "<group>"; };
		73E91ACA201675BB00EB7B7A /* Course.swift */ = {isa = PBXFileReference; lastKnownFileType = sourcecode.swift; path = Course.swift; sourceTree = "<group>"; };
		73E91ACC2016765800EB7B7A /* CourseTableViewCell.swift */ = {isa = PBXFileReference; lastKnownFileType = sourcecode.swift; path = CourseTableViewCell.swift; sourceTree = "<group>"; };
		B01217C01FE14CC700E8EC16 /* GeoLoc.app */ = {isa = PBXFileReference; explicitFileType = wrapper.application; includeInIndex = 0; path = GeoLoc.app; sourceTree = BUILT_PRODUCTS_DIR; };
		B01217C31FE14CC700E8EC16 /* AppDelegate.swift */ = {isa = PBXFileReference; lastKnownFileType = sourcecode.swift; path = AppDelegate.swift; sourceTree = "<group>"; };
		B01217C51FE14CC700E8EC16 /* ViewController.swift */ = {isa = PBXFileReference; lastKnownFileType = sourcecode.swift; path = ViewController.swift; sourceTree = "<group>"; };
		B01217C81FE14CC700E8EC16 /* Base */ = {isa = PBXFileReference; lastKnownFileType = file.storyboard; name = Base; path = Base.lproj/Main.storyboard; sourceTree = "<group>"; };
		B01217CA1FE14CC700E8EC16 /* Assets.xcassets */ = {isa = PBXFileReference; lastKnownFileType = folder.assetcatalog; path = Assets.xcassets; sourceTree = "<group>"; };
		B01217CD1FE14CC700E8EC16 /* Base */ = {isa = PBXFileReference; lastKnownFileType = file.storyboard; name = Base; path = Base.lproj/LaunchScreen.storyboard; sourceTree = "<group>"; };
		B01217CF1FE14CC700E8EC16 /* Info.plist */ = {isa = PBXFileReference; lastKnownFileType = text.plist.xml; path = Info.plist; sourceTree = "<group>"; };
		B01217D41FE14CC700E8EC16 /* GeoLocTests.xctest */ = {isa = PBXFileReference; explicitFileType = wrapper.cfbundle; includeInIndex = 0; path = GeoLocTests.xctest; sourceTree = BUILT_PRODUCTS_DIR; };
		B01217D81FE14CC700E8EC16 /* GeoLocTests.swift */ = {isa = PBXFileReference; lastKnownFileType = sourcecode.swift; path = GeoLocTests.swift; sourceTree = "<group>"; };
		B01217DA1FE14CC700E8EC16 /* Info.plist */ = {isa = PBXFileReference; lastKnownFileType = text.plist.xml; path = Info.plist; sourceTree = "<group>"; };
		B01217DF1FE14CC700E8EC16 /* GeoLocUITests.xctest */ = {isa = PBXFileReference; explicitFileType = wrapper.cfbundle; includeInIndex = 0; path = GeoLocUITests.xctest; sourceTree = BUILT_PRODUCTS_DIR; };
		B01217E31FE14CC700E8EC16 /* GeoLocUITests.swift */ = {isa = PBXFileReference; lastKnownFileType = sourcecode.swift; path = GeoLocUITests.swift; sourceTree = "<group>"; };
		B01217E51FE14CC700E8EC16 /* Info.plist */ = {isa = PBXFileReference; lastKnownFileType = text.plist.xml; path = Info.plist; sourceTree = "<group>"; };
		B01217F21FE1505200E8EC16 /* MapKit.framework */ = {isa = PBXFileReference; lastKnownFileType = wrapper.framework; name = MapKit.framework; path = System/Library/Frameworks/MapKit.framework; sourceTree = SDKROOT; };
/* End PBXFileReference section */

/* Begin PBXFrameworksBuildPhase section */
		B01217BD1FE14CC700E8EC16 /* Frameworks */ = {
			isa = PBXFrameworksBuildPhase;
			buildActionMask = 2147483647;
			files = (
				B01217F31FE1505200E8EC16 /* MapKit.framework in Frameworks */,
			);
			runOnlyForDeploymentPostprocessing = 0;
		};
		B01217D11FE14CC700E8EC16 /* Frameworks */ = {
			isa = PBXFrameworksBuildPhase;
			buildActionMask = 2147483647;
			files = (
			);
			runOnlyForDeploymentPostprocessing = 0;
		};
		B01217DC1FE14CC700E8EC16 /* Frameworks */ = {
			isa = PBXFrameworksBuildPhase;
			buildActionMask = 2147483647;
			files = (
			);
			runOnlyForDeploymentPostprocessing = 0;
		};
/* End PBXFrameworksBuildPhase section */

/* Begin PBXGroup section */
		B01217B71FE14CC700E8EC16 = {
			isa = PBXGroup;
			children = (
				B01217C21FE14CC700E8EC16 /* GeoLoc */,
				B01217D71FE14CC700E8EC16 /* GeoLocTests */,
				B01217E21FE14CC700E8EC16 /* GeoLocUITests */,
				B01217C11FE14CC700E8EC16 /* Products */,
				B01217F11FE1505200E8EC16 /* Frameworks */,
			);
			sourceTree = "<group>";
		};
		B01217C11FE14CC700E8EC16 /* Products */ = {
			isa = PBXGroup;
			children = (
				B01217C01FE14CC700E8EC16 /* GeoLoc.app */,
				B01217D41FE14CC700E8EC16 /* GeoLocTests.xctest */,
				B01217DF1FE14CC700E8EC16 /* GeoLocUITests.xctest */,
			);
			name = Products;
			sourceTree = "<group>";
		};
		B01217C21FE14CC700E8EC16 /* GeoLoc */ = {
			isa = PBXGroup;
			children = (
				B01217C31FE14CC700E8EC16 /* AppDelegate.swift */,
				B01217C51FE14CC700E8EC16 /* ViewController.swift */,
				73E91AC22016318600EB7B7A /* SecondViewControler.swift */,
				73E91ACA201675BB00EB7B7A /* Course.swift */,
				73E91ACC2016765800EB7B7A /* CourseTableViewCell.swift */,
				73E91AC82016742200EB7B7A /* ThirdViewController.swift */,
				B01217C71FE14CC700E8EC16 /* Main.storyboard */,
				B01217CA1FE14CC700E8EC16 /* Assets.xcassets */,
				B01217CC1FE14CC700E8EC16 /* LaunchScreen.storyboard */,
				B01217CF1FE14CC700E8EC16 /* Info.plist */,
			);
			path = GeoLoc;
			sourceTree = "<group>";
		};
		B01217D71FE14CC700E8EC16 /* GeoLocTests */ = {
			isa = PBXGroup;
			children = (
				B01217D81FE14CC700E8EC16 /* GeoLocTests.swift */,
				B01217DA1FE14CC700E8EC16 /* Info.plist */,
			);
			path = GeoLocTests;
			sourceTree = "<group>";
		};
		B01217E21FE14CC700E8EC16 /* GeoLocUITests */ = {
			isa = PBXGroup;
			children = (
				B01217E31FE14CC700E8EC16 /* GeoLocUITests.swift */,
				B01217E51FE14CC700E8EC16 /* Info.plist */,
			);
			path = GeoLocUITests;
			sourceTree = "<group>";
		};
		B01217F11FE1505200E8EC16 /* Frameworks */ = {
			isa = PBXGroup;
			children = (
				B01217F21FE1505200E8EC16 /* MapKit.framework */,
			);
			name = Frameworks;
			sourceTree = "<group>";
		};
/* End PBXGroup section */

/* Begin PBXNativeTarget section */
		B01217BF1FE14CC700E8EC16 /* GeoLoc */ = {
			isa = PBXNativeTarget;
			buildConfigurationList = B01217E81FE14CC700E8EC16 /* Build configuration list for PBXNativeTarget "GeoLoc" */;
			buildPhases = (
				B01217BC1FE14CC700E8EC16 /* Sources */,
				B01217BD1FE14CC700E8EC16 /* Frameworks */,
				B01217BE1FE14CC700E8EC16 /* Resources */,
			);
			buildRules = (
			);
			dependencies = (
			);
			name = GeoLoc;
			productName = GeoLoc;
			productReference = B01217C01FE14CC700E8EC16 /* GeoLoc.app */;
			productType = "com.apple.product-type.application";
		};
		B01217D31FE14CC700E8EC16 /* GeoLocTests */ = {
			isa = PBXNativeTarget;
			buildConfigurationList = B01217EB1FE14CC700E8EC16 /* Build configuration list for PBXNativeTarget "GeoLocTests" */;
			buildPhases = (
				B01217D01FE14CC700E8EC16 /* Sources */,
				B01217D11FE14CC700E8EC16 /* Frameworks */,
				B01217D21FE14CC700E8EC16 /* Resources */,
			);
			buildRules = (
			);
			dependencies = (
				B01217D61FE14CC700E8EC16 /* PBXTargetDependency */,
			);
			name = GeoLocTests;
			productName = GeoLocTests;
			productReference = B01217D41FE14CC700E8EC16 /* GeoLocTests.xctest */;
			productType = "com.apple.product-type.bundle.unit-test";
		};
		B01217DE1FE14CC700E8EC16 /* GeoLocUITests */ = {
			isa = PBXNativeTarget;
			buildConfigurationList = B01217EE1FE14CC700E8EC16 /* Build configuration list for PBXNativeTarget "GeoLocUITests" */;
			buildPhases = (
				B01217DB1FE14CC700E8EC16 /* Sources */,
				B01217DC1FE14CC700E8EC16 /* Frameworks */,
				B01217DD1FE14CC700E8EC16 /* Resources */,
			);
			buildRules = (
			);
			dependencies = (
				B01217E11FE14CC700E8EC16 /* PBXTargetDependency */,
			);
			name = GeoLocUITests;
			productName = GeoLocUITests;
			productReference = B01217DF1FE14CC700E8EC16 /* GeoLocUITests.xctest */;
			productType = "com.apple.product-type.bundle.ui-testing";
		};
/* End PBXNativeTarget section */

/* Begin PBXProject section */
		B01217B81FE14CC700E8EC16 /* Project object */ = {
			isa = PBXProject;
			attributes = {
				KnownAssetTags = (
					CourseTableViewCell,
				);
				LastSwiftUpdateCheck = 0910;
				LastUpgradeCheck = 0910;
				ORGANIZATIONNAME = eemi;
				TargetAttributes = {
					B01217BF1FE14CC700E8EC16 = {
						CreatedOnToolsVersion = 9.1;
						ProvisioningStyle = Automatic;
						SystemCapabilities = {
							com.apple.BackgroundModes = {
								enabled = 1;
							};
							com.apple.Maps.iOS = {
								enabled = 1;
							};
						};
					};
					B01217D31FE14CC700E8EC16 = {
						CreatedOnToolsVersion = 9.1;
						ProvisioningStyle = Automatic;
						TestTargetID = B01217BF1FE14CC700E8EC16;
					};
					B01217DE1FE14CC700E8EC16 = {
						CreatedOnToolsVersion = 9.1;
						ProvisioningStyle = Automatic;
						TestTargetID = B01217BF1FE14CC700E8EC16;
					};
				};
			};
			buildConfigurationList = B01217BB1FE14CC700E8EC16 /* Build configuration list for PBXProject "GeoLoc" */;
			compatibilityVersion = "Xcode 8.0";
			developmentRegion = en;
			hasScannedForEncodings = 0;
			knownRegions = (
				en,
				Base,
			);
			mainGroup = B01217B71FE14CC700E8EC16;
			productRefGroup = B01217C11FE14CC700E8EC16 /* Products */;
			projectDirPath = "";
			projectRoot = "";
			targets = (
				B01217BF1FE14CC700E8EC16 /* GeoLoc */,
				B01217D31FE14CC700E8EC16 /* GeoLocTests */,
				B01217DE1FE14CC700E8EC16 /* GeoLocUITests */,
			);
		};
/* End PBXProject section */

/* Begin PBXResourcesBuildPhase section */
		B01217BE1FE14CC700E8EC16 /* Resources */ = {
			isa = PBXResourcesBuildPhase;
			buildActionMask = 2147483647;
			files = (
				B01217CE1FE14CC700E8EC16 /* LaunchScreen.storyboard in Resources */,
				B01217CB1FE14CC700E8EC16 /* Assets.xcassets in Resources */,
				B01217C91FE14CC700E8EC16 /* Main.storyboard in Resources */,
			);
			runOnlyForDeploymentPostprocessing = 0;
		};
		B01217D21FE14CC700E8EC16 /* Resources */ = {
			isa = PBXResourcesBuildPhase;
			buildActionMask = 2147483647;
			files = (
			);
			runOnlyForDeploymentPostprocessing = 0;
		};
		B01217DD1FE14CC700E8EC16 /* Resources */ = {
			isa = PBXResourcesBuildPhase;
			buildActionMask = 2147483647;
			files = (
			);
			runOnlyForDeploymentPostprocessing = 0;
		};
/* End PBXResourcesBuildPhase section */

/* Begin PBXSourcesBuildPhase section */
		B01217BC1FE14CC700E8EC16 /* Sources */ = {
			isa = PBXSourcesBuildPhase;
			buildActionMask = 2147483647;
			files = (
				73E91AC32016318600EB7B7A /* SecondViewControler.swift in Sources */,
				B01217C61FE14CC700E8EC16 /* ViewController.swift in Sources */,
				73E91ACD2016765800EB7B7A /* CourseTableViewCell.swift in Sources */,
				73E91ACB201675BB00EB7B7A /* Course.swift in Sources */,
				73E91AC92016742200EB7B7A /* ThirdViewController.swift in Sources */,
				B01217C41FE14CC700E8EC16 /* AppDelegate.swift in Sources */,
			);
			runOnlyForDeploymentPostprocessing = 0;
		};
		B01217D01FE14CC700E8EC16 /* Sources */ = {
			isa = PBXSourcesBuildPhase;
			buildActionMask = 2147483647;
			files = (
				B01217D91FE14CC700E8EC16 /* GeoLocTests.swift in Sources */,
			);
			runOnlyForDeploymentPostprocessing = 0;
		};
		B01217DB1FE14CC700E8EC16 /* Sources */ = {
			isa = PBXSourcesBuildPhase;
			buildActionMask = 2147483647;
			files = (
				B01217E41FE14CC700E8EC16 /* GeoLocUITests.swift in Sources */,
			);
			runOnlyForDeploymentPostprocessing = 0;
		};
/* End PBXSourcesBuildPhase section */

/* Begin PBXTargetDependency section */
		B01217D61FE14CC700E8EC16 /* PBXTargetDependency */ = {
			isa = PBXTargetDependency;
			target = B01217BF1FE14CC700E8EC16 /* GeoLoc */;
			targetProxy = B01217D51FE14CC700E8EC16 /* PBXContainerItemProxy */;
		};
		B01217E11FE14CC700E8EC16 /* PBXTargetDependency */ = {
			isa = PBXTargetDependency;
			target = B01217BF1FE14CC700E8EC16 /* GeoLoc */;
			targetProxy = B01217E01FE14CC700E8EC16 /* PBXContainerItemProxy */;
		};
/* End PBXTargetDependency section */

/* Begin PBXVariantGroup section */
		B01217C71FE14CC700E8EC16 /* Main.storyboard */ = {
			isa = PBXVariantGroup;
			children = (
				B01217C81FE14CC700E8EC16 /* Base */,
			);
			name = Main.storyboard;
			sourceTree = "<group>";
		};
		B01217CC1FE14CC700E8EC16 /* LaunchScreen.storyboard */ = {
			isa = PBXVariantGroup;
			children = (
				B01217CD1FE14CC700E8EC16 /* Base */,
			);
			name = LaunchScreen.storyboard;
			sourceTree = "<group>";
		};
/* End PBXVariantGroup section */

/* Begin XCBuildConfiguration section */
		B01217E61FE14CC700E8EC16 /* Debug */ = {
			isa = XCBuildConfiguration;
			buildSettings = {
				ALWAYS_SEARCH_USER_PATHS = NO;
				CLANG_ANALYZER_NONNULL = YES;
				CLANG_ANALYZER_NUMBER_OBJECT_CONVERSION = YES_AGGRESSIVE;
				CLANG_CXX_LANGUAGE_STANDARD = "gnu++14";
				CLANG_CXX_LIBRARY = "libc++";
				CLANG_ENABLE_MODULES = YES;
				CLANG_ENABLE_OBJC_ARC = YES;
				CLANG_WARN_BLOCK_CAPTURE_AUTORELEASING = YES;
				CLANG_WARN_BOOL_CONVERSION = YES;
				CLANG_WARN_COMMA = YES;
				CLANG_WARN_CONSTANT_CONVERSION = YES;
				CLANG_WARN_DIRECT_OBJC_ISA_USAGE = YES_ERROR;
				CLANG_WARN_DOCUMENTATION_COMMENTS = YES;
				CLANG_WARN_EMPTY_BODY = YES;
				CLANG_WARN_ENUM_CONVERSION = YES;
				CLANG_WARN_INFINITE_RECURSION = YES;
				CLANG_WARN_INT_CONVERSION = YES;
				CLANG_WARN_NON_LITERAL_NULL_CONVERSION = YES;
				CLANG_WARN_OBJC_LITERAL_CONVERSION = YES;
				CLANG_WARN_OBJC_ROOT_CLASS = YES_ERROR;
				CLANG_WARN_RANGE_LOOP_ANALYSIS = YES;
				CLANG_WARN_STRICT_PROTOTYPES = YES;
				CLANG_WARN_SUSPICIOUS_MOVE = YES;
				CLANG_WARN_UNGUARDED_AVAILABILITY = YES_AGGRESSIVE;
				CLANG_WARN_UNREACHABLE_CODE = YES;
				CLANG_WARN__DUPLICATE_METHOD_MATCH = YES;
				CODE_SIGN_IDENTITY = "iPhone Developer";
				COPY_PHASE_STRIP = NO;
				DEBUG_INFORMATION_FORMAT = dwarf;
				ENABLE_STRICT_OBJC_MSGSEND = YES;
				ENABLE_TESTABILITY = YES;
				GCC_C_LANGUAGE_STANDARD = gnu11;
				GCC_DYNAMIC_NO_PIC = NO;
				GCC_NO_COMMON_BLOCKS = YES;
				GCC_OPTIMIZATION_LEVEL = 0;
				GCC_PREPROCESSOR_DEFINITIONS = (
					"DEBUG=1",
					"$(inherited)",
				);
				GCC_WARN_64_TO_32_BIT_CONVERSION = YES;
				GCC_WARN_ABOUT_RETURN_TYPE = YES_ERROR;
				GCC_WARN_UNDECLARED_SELECTOR = YES;
				GCC_WARN_UNINITIALIZED_AUTOS = YES_AGGRESSIVE;
				GCC_WARN_UNUSED_FUNCTION = YES;
				GCC_WARN_UNUSED_VARIABLE = YES;
				IPHONEOS_DEPLOYMENT_TARGET = 11.1;
				MTL_ENABLE_DEBUG_INFO = YES;
				ONLY_ACTIVE_ARCH = YES;
				SDKROOT = iphoneos;
				SWIFT_ACTIVE_COMPILATION_CONDITIONS = DEBUG;
				SWIFT_OPTIMIZATION_LEVEL = "-Onone";
			};
			name = Debug;
		};
		B01217E71FE14CC700E8EC16 /* Release */ = {
			isa = XCBuildConfiguration;
			buildSettings = {
				ALWAYS_SEARCH_USER_PATHS = NO;
				CLANG_ANALYZER_NONNULL = YES;
				CLANG_ANALYZER_NUMBER_OBJECT_CONVERSION = YES_AGGRESSIVE;
				CLANG_CXX_LANGUAGE_STANDARD = "gnu++14";
				CLANG_CXX_LIBRARY = "libc++";
				CLANG_ENABLE_MODULES = YES;
				CLANG_ENABLE_OBJC_ARC = YES;
				CLANG_WARN_BLOCK_CAPTURE_AUTORELEASING = YES;
				CLANG_WARN_BOOL_CONVERSION = YES;
				CLANG_WARN_COMMA = YES;
				CLANG_WARN_CONSTANT_CONVERSION = YES;
				CLANG_WARN_DIRECT_OBJC_ISA_USAGE = YES_ERROR;
				CLANG_WARN_DOCUMENTATION_COMMENTS = YES;
				CLANG_WARN_EMPTY_BODY = YES;
				CLANG_WARN_ENUM_CONVERSION = YES;
				CLANG_WARN_INFINITE_RECURSION = YES;
				CLANG_WARN_INT_CONVERSION = YES;
				CLANG_WARN_NON_LITERAL_NULL_CONVERSION = YES;
				CLANG_WARN_OBJC_LITERAL_CONVERSION = YES;
				CLANG_WARN_OBJC_ROOT_CLASS = YES_ERROR;
				CLANG_WARN_RANGE_LOOP_ANALYSIS = YES;
				CLANG_WARN_STRICT_PROTOTYPES = YES;
				CLANG_WARN_SUSPICIOUS_MOVE = YES;
				CLANG_WARN_UNGUARDED_AVAILABILITY = YES_AGGRESSIVE;
				CLANG_WARN_UNREACHABLE_CODE = YES;
				CLANG_WARN__DUPLICATE_METHOD_MATCH = YES;
				CODE_SIGN_IDENTITY = "iPhone Developer";
				COPY_PHASE_STRIP = NO;
				DEBUG_INFORMATION_FORMAT = "dwarf-with-dsym";
				ENABLE_NS_ASSERTIONS = NO;
				ENABLE_STRICT_OBJC_MSGSEND = YES;
				GCC_C_LANGUAGE_STANDARD = gnu11;
				GCC_NO_COMMON_BLOCKS = YES;
				GCC_WARN_64_TO_32_BIT_CONVERSION = YES;
				GCC_WARN_ABOUT_RETURN_TYPE = YES_ERROR;
				GCC_WARN_UNDECLARED_SELECTOR = YES;
				GCC_WARN_UNINITIALIZED_AUTOS = YES_AGGRESSIVE;
				GCC_WARN_UNUSED_FUNCTION = YES;
				GCC_WARN_UNUSED_VARIABLE = YES;
				IPHONEOS_DEPLOYMENT_TARGET = 11.1;
				MTL_ENABLE_DEBUG_INFO = NO;
				SDKROOT = iphoneos;
				SWIFT_OPTIMIZATION_LEVEL = "-Owholemodule";
				VALIDATE_PRODUCT = YES;
			};
			name = Release;
		};
		B01217E91FE14CC700E8EC16 /* Debug */ = {
			isa = XCBuildConfiguration;
			buildSettings = {
				ASSETCATALOG_COMPILER_APPICON_NAME = AppIcon;
				CODE_SIGN_STYLE = Automatic;
				DEVELOPMENT_TEAM = 89GHG7M8AP;
				INFOPLIST_FILE = GeoLoc/Info.plist;
				LD_RUNPATH_SEARCH_PATHS = "$(inherited) @executable_path/Frameworks";
				PRODUCT_BUNDLE_IDENTIFIER = neo.GeoLoc;
				PRODUCT_NAME = "$(TARGET_NAME)";
				SWIFT_VERSION = 4.0;
				TARGETED_DEVICE_FAMILY = "1,2";
			};
			name = Debug;
		};
		B01217EA1FE14CC700E8EC16 /* Release */ = {
			isa = XCBuildConfiguration;
			buildSettings = {
				ASSETCATALOG_COMPILER_APPICON_NAME = AppIcon;
				CODE_SIGN_STYLE = Automatic;
				DEVELOPMENT_TEAM = 89GHG7M8AP;
				INFOPLIST_FILE = GeoLoc/Info.plist;
				LD_RUNPATH_SEARCH_PATHS = "$(inherited) @executable_path/Frameworks";
				PRODUCT_BUNDLE_IDENTIFIER = neo.GeoLoc;
				PRODUCT_NAME = "$(TARGET_NAME)";
				SWIFT_VERSION = 4.0;
				TARGETED_DEVICE_FAMILY = "1,2";
			};
			name = Release;
		};
		B01217EC1FE14CC700E8EC16 /* Debug */ = {
			isa = XCBuildConfiguration;
			buildSettings = {
				ALWAYS_EMBED_SWIFT_STANDARD_LIBRARIES = YES;
				BUNDLE_LOADER = "$(TEST_HOST)";
				CODE_SIGN_STYLE = Automatic;
				DEVELOPMENT_TEAM = 25Z9TZJQN8;
				INFOPLIST_FILE = GeoLocTests/Info.plist;
				LD_RUNPATH_SEARCH_PATHS = "$(inherited) @executable_path/Frameworks @loader_path/Frameworks";
				PRODUCT_BUNDLE_IDENTIFIER = eemi.GeoLocTests;
				PRODUCT_NAME = "$(TARGET_NAME)";
				SWIFT_VERSION = 4.0;
				TARGETED_DEVICE_FAMILY = "1,2";
				TEST_HOST = "$(BUILT_PRODUCTS_DIR)/GeoLoc.app/GeoLoc";
			};
			name = Debug;
		};
		B01217ED1FE14CC700E8EC16 /* Release */ = {
			isa = XCBuildConfiguration;
			buildSettings = {
				ALWAYS_EMBED_SWIFT_STANDARD_LIBRARIES = YES;
				BUNDLE_LOADER = "$(TEST_HOST)";
				CODE_SIGN_STYLE = Automatic;
				DEVELOPMENT_TEAM = 25Z9TZJQN8;
				INFOPLIST_FILE = GeoLocTests/Info.plist;
				LD_RUNPATH_SEARCH_PATHS = "$(inherited) @executable_path/Frameworks @loader_path/Frameworks";
				PRODUCT_BUNDLE_IDENTIFIER = eemi.GeoLocTests;
				PRODUCT_NAME = "$(TARGET_NAME)";
				SWIFT_VERSION = 4.0;
				TARGETED_DEVICE_FAMILY = "1,2";
				TEST_HOST = "$(BUILT_PRODUCTS_DIR)/GeoLoc.app/GeoLoc";
			};
			name = Release;
		};
		B01217EF1FE14CC700E8EC16 /* Debug */ = {
			isa = XCBuildConfiguration;
			buildSettings = {
				ALWAYS_EMBED_SWIFT_STANDARD_LIBRARIES = YES;
				CODE_SIGN_STYLE = Automatic;
				DEVELOPMENT_TEAM = 25Z9TZJQN8;
				INFOPLIST_FILE = GeoLocUITests/Info.plist;
				LD_RUNPATH_SEARCH_PATHS = "$(inherited) @executable_path/Frameworks @loader_path/Frameworks";
				PRODUCT_BUNDLE_IDENTIFIER = eemi.GeoLocUITests;
				PRODUCT_NAME = "$(TARGET_NAME)";
				SWIFT_VERSION = 4.0;
				TARGETED_DEVICE_FAMILY = "1,2";
				TEST_TARGET_NAME = GeoLoc;
			};
			name = Debug;
		};
		B01217F01FE14CC700E8EC16 /* Release */ = {
			isa = XCBuildConfiguration;
			buildSettings = {
				ALWAYS_EMBED_SWIFT_STANDARD_LIBRARIES = YES;
				CODE_SIGN_STYLE = Automatic;
				DEVELOPMENT_TEAM = 25Z9TZJQN8;
				INFOPLIST_FILE = GeoLocUITests/Info.plist;
				LD_RUNPATH_SEARCH_PATHS = "$(inherited) @executable_path/Frameworks @loader_path/Frameworks";
				PRODUCT_BUNDLE_IDENTIFIER = eemi.GeoLocUITests;
				PRODUCT_NAME = "$(TARGET_NAME)";
				SWIFT_VERSION = 4.0;
				TARGETED_DEVICE_FAMILY = "1,2";
				TEST_TARGET_NAME = GeoLoc;
			};
			name = Release;
		};
/* End XCBuildConfiguration section */

/* Begin XCConfigurationList section */
		B01217BB1FE14CC700E8EC16 /* Build configuration list for PBXProject "GeoLoc" */ = {
			isa = XCConfigurationList;
			buildConfigurations = (
				B01217E61FE14CC700E8EC16 /* Debug */,
				B01217E71FE14CC700E8EC16 /* Release */,
			);
			defaultConfigurationIsVisible = 0;
			defaultConfigurationName = Release;
		};
		B01217E81FE14CC700E8EC16 /* Build configuration list for PBXNativeTarget "GeoLoc" */ = {
			isa = XCConfigurationList;
			buildConfigurations = (
				B01217E91FE14CC700E8EC16 /* Debug */,
				B01217EA1FE14CC700E8EC16 /* Release */,
			);
			defaultConfigurationIsVisible = 0;
			defaultConfigurationName = Release;
		};
		B01217EB1FE14CC700E8EC16 /* Build configuration list for PBXNativeTarget "GeoLocTests" */ = {
			isa = XCConfigurationList;
			buildConfigurations = (
				B01217EC1FE14CC700E8EC16 /* Debug */,
				B01217ED1FE14CC700E8EC16 /* Release */,
			);
			defaultConfigurationIsVisible = 0;
			defaultConfigurationName = Release;
		};
		B01217EE1FE14CC700E8EC16 /* Build configuration list for PBXNativeTarget "GeoLocUITests" */ = {
			isa = XCConfigurationList;
			buildConfigurations = (
				B01217EF1FE14CC700E8EC16 /* Debug */,
				B01217F01FE14CC700E8EC16 /* Release */,
			);
			defaultConfigurationIsVisible = 0;
			defaultConfigurationName = Release;
		};
/* End XCConfigurationList section */
	};
	rootObject = B01217B81FE14CC700E8EC16 /* Project object */;
}
